
Microsoft Visual Studio Solution File, Format Version 12.00
# Visual Studio 15
VisualStudioVersion = 15.0.28307.489
MinimumVisualStudioVersion = 10.0.40219.1
Project("{FAE04EC0-301F-11D3-BF4B-00C04F79EFBC}") = "Tamagochy", "Tamagochy\Tamagochy.csproj", "{C734B33D-13A9-4921-A6DA-1EE2649150B7}"
EndProject
Global
	GlobalSection(SolutionConfigurationPlatforms) = preSolution
		Debug|Any CPU = Debug|Any CPU
		Release|Any CPU = Release|Any CPU
	EndGlobalSection
	GlobalSection(ProjectConfigurationPlatforms) = postSolution
		{C734B33D-13A9-4921-A6DA-1EE2649150B7}.Debug|Any CPU.ActiveCfg = Debug|Any CPU
		{C734B33D-13A9-4921-A6DA-1EE2649150B7}.Debug|Any CPU.Build.0 = Debug|Any CPU
		{C734B33D-13A9-4921-A6DA-1EE2649150B7}.Release|Any CPU.ActiveCfg = Release|Any CPU
		{C734B33D-13A9-4921-A6DA-1EE2649150B7}.Release|Any CPU.Build.0 = Release|Any CPU
	EndGlobalSection
	GlobalSection(SolutionProperties) = preSolution
		HideSolutionNode = FALSE
	EndGlobalSection
	GlobalSection(ExtensibilityGlobals) = postSolution
		SolutionGuid = {294006FF-7A68-4CFB-A951-83F1CB12B7CA}
	EndGlobalSection
EndGlobal
